
Microsoft Visual Studio Solution File, Format Version 12.00
# Visual Studio Version 17
VisualStudioVersion = 17.10.34916.146
MinimumVisualStudioVersion = 10.0.40219.1
Project("{FAE04EC0-301F-11D3-BF4B-00C04F79EFBC}") = "ApiVenta", "ApiVenta\ApiVenta.csproj", "{FFFE916F-9735-4855-9627-477BE2B48252}"
EndProject
Global
	GlobalSection(SolutionConfigurationPlatforms) = preSolution
		Debug|Any CPU = Debug|Any CPU
		Release|Any CPU = Release|Any CPU
	EndGlobalSection
	GlobalSection(ProjectConfigurationPlatforms) = postSolution
		{FFFE916F-9735-4855-9627-477BE2B48252}.Debug|Any CPU.ActiveCfg = Debug|Any CPU
		{FFFE916F-9735-4855-9627-477BE2B48252}.Debug|Any CPU.Build.0 = Debug|Any CPU
		{FFFE916F-9735-4855-9627-477BE2B48252}.Release|Any CPU.ActiveCfg = Release|Any CPU
		{FFFE916F-9735-4855-9627-477BE2B48252}.Release|Any CPU.Build.0 = Release|Any CPU
	EndGlobalSection
	GlobalSection(SolutionProperties) = preSolution
		HideSolutionNode = FALSE
	EndGlobalSection
	GlobalSection(ExtensibilityGlobals) = postSolution
		SolutionGuid = {E5E148DB-90F6-4814-BB3C-B191216C876C}
	EndGlobalSection
EndGlobal
